
Microsoft Visual Studio Solution File, Format Version 12.00
# Visual Studio Version 16
VisualStudioVersion = 16.0.30611.23
MinimumVisualStudioVersion = 10.0.40219.1
Project("{8BC9CEB8-8B4A-11D0-8D11-00A0C91BC942}") = "ExamInC", "ExamInC\ExamInC.vcxproj", "{35EE66AC-0EEB-4354-BC27-9F338F315ABB}"
EndProject
Global
	GlobalSection(SolutionConfigurationPlatforms) = preSolution
		Debug|x64 = Debug|x64
		Debug|x86 = Debug|x86
		Release|x64 = Release|x64
		Release|x86 = Release|x86
	EndGlobalSection
	GlobalSection(ProjectConfigurationPlatforms) = postSolution
		{35EE66AC-0EEB-4354-BC27-9F338F315ABB}.Debug|x64.ActiveCfg = Debug|x64
		{35EE66AC-0EEB-4354-BC27-9F338F315ABB}.Debug|x64.Build.0 = Debug|x64
		{35EE66AC-0EEB-4354-BC27-9F338F315ABB}.Debug|x86.ActiveCfg = Debug|Win32
		{35EE66AC-0EEB-4354-BC27-9F338F315ABB}.Debug|x86.Build.0 = Debug|Win32
		{35EE66AC-0EEB-4354-BC27-9F338F315ABB}.Release|x64.ActiveCfg = Release|x64
		{35EE66AC-0EEB-4354-BC27-9F338F315ABB}.Release|x64.Build.0 = Release|x64
		{35EE66AC-0EEB-4354-BC27-9F338F315ABB}.Release|x86.ActiveCfg = Release|Win32
		{35EE66AC-0EEB-4354-BC27-9F338F315ABB}.Release|x86.Build.0 = Release|Win32
	EndGlobalSection
	GlobalSection(SolutionProperties) = preSolution
		HideSolutionNode = FALSE
	EndGlobalSection
	GlobalSection(ExtensibilityGlobals) = postSolution
		SolutionGuid = {5686FF1B-9906-4A7F-813A-11B10C3C6651}
	EndGlobalSection
EndGlobal
